
Microsoft Visual Studio Solution File, Format Version 12.00
# Visual Studio Version 17
VisualStudioVersion = 17.7.34031.279
MinimumVisualStudioVersion = 10.0.40219.1
Project("{2150E333-8FDC-42A3-9474-1A3956D46DE8}") = "Core", "Core", "{3795D19F-82C5-4BCB-8750-950FD3ECC627}"
EndProject
Project("{2150E333-8FDC-42A3-9474-1A3956D46DE8}") = "Infrastructure", "Infrastructure", "{DA225AAA-2068-4718-A968-1328EC5ACC87}"
EndProject
Project("{2150E333-8FDC-42A3-9474-1A3956D46DE8}") = "Presentation", "Presentation", "{A42FB681-C8B2-4BFF-8584-E6CD195C855C}"
EndProject
Project("{2150E333-8FDC-42A3-9474-1A3956D46DE8}") = "Tests", "Tests", "{CA0FE7F7-9288-4C87-A592-A82E59FBDDBD}"
EndProject
Project("{FAE04EC0-301F-11D3-BF4B-00C04F79EFBC}") = "FIFA.Domain", "FIFA.Domain\FIFA.Domain.csproj", "{21C459FF-D2E2-4373-9606-37177DC51396}"
EndProject
Project("{FAE04EC0-301F-11D3-BF4B-00C04F79EFBC}") = "FIFA.Application", "FIFA.Application\FIFA.Application.csproj", "{B0142493-93AE-4505-99C2-888595DD0B77}"
EndProject
Project("{FAE04EC0-301F-11D3-BF4B-00C04F79EFBC}") = "FIFA.Persistence", "FIFA.Persistence\FIFA.Persistence.csproj", "{978DF7CD-3B23-4D1D-8374-7C27981C06AF}"
EndProject
Project("{FAE04EC0-301F-11D3-BF4B-00C04F79EFBC}") = "FIFA.WebApi", "FIFA.WebApi\FIFA.WebApi.csproj", "{5E50E8DA-09B3-4CBE-8EDC-CC3B09EE25C1}"
EndProject
Global
	GlobalSection(SolutionConfigurationPlatforms) = preSolution
		Debug|Any CPU = Debug|Any CPU
		Release|Any CPU = Release|Any CPU
	EndGlobalSection
	GlobalSection(ProjectConfigurationPlatforms) = postSolution
		{21C459FF-D2E2-4373-9606-37177DC51396}.Debug|Any CPU.ActiveCfg = Debug|Any CPU
		{21C459FF-D2E2-4373-9606-37177DC51396}.Debug|Any CPU.Build.0 = Debug|Any CPU
		{21C459FF-D2E2-4373-9606-37177DC51396}.Release|Any CPU.ActiveCfg = Release|Any CPU
		{21C459FF-D2E2-4373-9606-37177DC51396}.Release|Any CPU.Build.0 = Release|Any CPU
		{B0142493-93AE-4505-99C2-888595DD0B77}.Debug|Any CPU.ActiveCfg = Debug|Any CPU
		{B0142493-93AE-4505-99C2-888595DD0B77}.Debug|Any CPU.Build.0 = Debug|Any CPU
		{B0142493-93AE-4505-99C2-888595DD0B77}.Release|Any CPU.ActiveCfg = Release|Any CPU
		{B0142493-93AE-4505-99C2-888595DD0B77}.Release|Any CPU.Build.0 = Release|Any CPU
		{978DF7CD-3B23-4D1D-8374-7C27981C06AF}.Debug|Any CPU.ActiveCfg = Debug|Any CPU
		{978DF7CD-3B23-4D1D-8374-7C27981C06AF}.Debug|Any CPU.Build.0 = Debug|Any CPU
		{978DF7CD-3B23-4D1D-8374-7C27981C06AF}.Release|Any CPU.ActiveCfg = Release|Any CPU
		{978DF7CD-3B23-4D1D-8374-7C27981C06AF}.Release|Any CPU.Build.0 = Release|Any CPU
		{5E50E8DA-09B3-4CBE-8EDC-CC3B09EE25C1}.Debug|Any CPU.ActiveCfg = Debug|Any CPU
		{5E50E8DA-09B3-4CBE-8EDC-CC3B09EE25C1}.Debug|Any CPU.Build.0 = Debug|Any CPU
		{5E50E8DA-09B3-4CBE-8EDC-CC3B09EE25C1}.Release|Any CPU.ActiveCfg = Release|Any CPU
		{5E50E8DA-09B3-4CBE-8EDC-CC3B09EE25C1}.Release|Any CPU.Build.0 = Release|Any CPU
	EndGlobalSection
	GlobalSection(SolutionProperties) = preSolution
		HideSolutionNode = FALSE
	EndGlobalSection
	GlobalSection(NestedProjects) = preSolution
		{21C459FF-D2E2-4373-9606-37177DC51396} = {3795D19F-82C5-4BCB-8750-950FD3ECC627}
		{B0142493-93AE-4505-99C2-888595DD0B77} = {3795D19F-82C5-4BCB-8750-950FD3ECC627}
		{978DF7CD-3B23-4D1D-8374-7C27981C06AF} = {DA225AAA-2068-4718-A968-1328EC5ACC87}
		{5E50E8DA-09B3-4CBE-8EDC-CC3B09EE25C1} = {A42FB681-C8B2-4BFF-8584-E6CD195C855C}
	EndGlobalSection
	GlobalSection(ExtensibilityGlobals) = postSolution
		SolutionGuid = {B88AADF0-DFF2-42C5-A317-BEC500B00033}
	EndGlobalSection
EndGlobal
